
Microsoft Visual Studio Solution File, Format Version 12.00
# Visual Studio 14
VisualStudioVersion = 14.0.25420.1
MinimumVisualStudioVersion = 10.0.40219.1
Project("{F184B08F-C81C-45F6-A57F-5ABD9991F28F}") = "Metro Tile Customizer", "Metro Tile Customizer\Metro Tile Customizer.vbproj", "{C24FA689-CC01-4B9D-BEEC-7D982B21FEF4}"
EndProject
Global
	GlobalSection(SolutionConfigurationPlatforms) = preSolution
		Debug|Any CPU = Debug|Any CPU
		Release|Any CPU = Release|Any CPU
	EndGlobalSection
	GlobalSection(ProjectConfigurationPlatforms) = postSolution
		{C24FA689-CC01-4B9D-BEEC-7D982B21FEF4}.Debug|Any CPU.ActiveCfg = Debug|Any CPU
		{C24FA689-CC01-4B9D-BEEC-7D982B21FEF4}.Debug|Any CPU.Build.0 = Debug|Any CPU
		{C24FA689-CC01-4B9D-BEEC-7D982B21FEF4}.Release|Any CPU.ActiveCfg = Release|Any CPU
		{C24FA689-CC01-4B9D-BEEC-7D982B21FEF4}.Release|Any CPU.Build.0 = Release|Any CPU
	EndGlobalSection
	GlobalSection(SolutionProperties) = preSolution
		HideSolutionNode = FALSE
	EndGlobalSection
EndGlobal
